// !$*UTF8*$!
{
	archiveVersion = 1;
	classes = {
	};
	objectVersion = 46;
	objects = {

/* Begin PBXBuildFile section */
		980CDFAF1DD33CF3005C2B3F /* Photorama.xcdatamodeld in Sources */ = {isa = PBXBuildFile; fileRef = 980CDFAD1DD33CF3005C2B3F /* Photorama.xcdatamodeld */; };
		980CDFB31DD3412D005C2B3F /* Photo.swift in Sources */ = {isa = PBXBuildFile; fileRef = 980CDFB11DD3412D005C2B3F /* Photo.swift */; };
		9886FEA91DDAF96000B0908C /* CoreDataStack.swift in Sources */ = {isa = PBXBuildFile; fileRef = 9886FEA81DDAF96000B0908C /* CoreDataStack.swift */; };
		9886FEAB1DDB24CF00B0908C /* ImageStore.swift in Sources */ = {isa = PBXBuildFile; fileRef = 9886FEAA1DDB24CF00B0908C /* ImageStore.swift */; };
		9894A7431DDC4DC60044CBC0 /* Photo+CoreDataProperties.swift in Sources */ = {isa = PBXBuildFile; fileRef = 9894A7421DDC4DC60044CBC0 /* Photo+CoreDataProperties.swift */; };
		98BA23771DC9BFA000D0BD9C /* AppDelegate.swift in Sources */ = {isa = PBXBuildFile; fileRef = 98BA23761DC9BFA000D0BD9C /* AppDelegate.swift */; };
		98BA237C1DC9BFA000D0BD9C /* Main.storyboard in Resources */ = {isa = PBXBuildFile; fileRef = 98BA237A1DC9BFA000D0BD9C /* Main.storyboard */; };
		98BA237E1DC9BFA000D0BD9C /* Assets.xcassets in Resources */ = {isa = PBXBuildFile; fileRef = 98BA237D1DC9BFA000D0BD9C /* Assets.xcassets */; };
		98BA23811DC9BFA000D0BD9C /* LaunchScreen.storyboard in Resources */ = {isa = PBXBuildFile; fileRef = 98BA237F1DC9BFA000D0BD9C /* LaunchScreen.storyboard */; };
		98BF395A1DD1B9E50086B019 /* PhotoDataSource.swift in Sources */ = {isa = PBXBuildFile; fileRef = 98BF39591DD1B9E50086B019 /* PhotoDataSource.swift */; };
		98BF395E1DD1D9EB0086B019 /* PhotoCollectionViewCell.swift in Sources */ = {isa = PBXBuildFile; fileRef = 98BF395D1DD1D9EB0086B019 /* PhotoCollectionViewCell.swift */; };
		98BF39601DD1E65D0086B019 /* PhotoInfoViewController.swift in Sources */ = {isa = PBXBuildFile; fileRef = 98BF395F1DD1E65D0086B019 /* PhotoInfoViewController.swift */; };
		98CE27871DDC5B73000B5242 /* TagsViewController.swift in Sources */ = {isa = PBXBuildFile; fileRef = 98CE27861DDC5B73000B5242 /* TagsViewController.swift */; };
		98CE27891DDC5BF6000B5242 /* TagDataSource.swift in Sources */ = {isa = PBXBuildFile; fileRef = 98CE27881DDC5BF5000B5242 /* TagDataSource.swift */; };
		98F9B3741DC9C53000E59AFB /* FlickrApi.swift in Sources */ = {isa = PBXBuildFile; fileRef = 98F9B3731DC9C53000E59AFB /* FlickrApi.swift */; };
		98F9B3761DC9D1E600E59AFB /* PhotosViewController.swift in Sources */ = {isa = PBXBuildFile; fileRef = 98F9B3751DC9D1E600E59AFB /* PhotosViewController.swift */; };
		98F9B3781DC9D5AE00E59AFB /* PhotoStore.swift in Sources */ = {isa = PBXBuildFile; fileRef = 98F9B3771DC9D5AE00E59AFB /* PhotoStore.swift */; };
/* End PBXBuildFile section */

/* Begin PBXFileReference section */
		980CDFAE1DD33CF3005C2B3F /* Photorama.xcdatamodel */ = {isa = PBXFileReference; lastKnownFileType = wrapper.xcdatamodel; path = Photorama.xcdatamodel; sourceTree = "<group>"; };
		980CDFB11DD3412D005C2B3F /* Photo.swift */ = {isa = PBXFileReference; fileEncoding = 4; lastKnownFileType = sourcecode.swift; path = Photo.swift; sourceTree = "<group>"; };
		9886FEA81DDAF96000B0908C /* CoreDataStack.swift */ = {isa = PBXFileReference; fileEncoding = 4; lastKnownFileType = sourcecode.swift; path = CoreDataStack.swift; sourceTree = "<group>"; };
		9886FEAA1DDB24CF00B0908C /* ImageStore.swift */ = {isa = PBXFileReference; fileEncoding = 4; lastKnownFileType = sourcecode.swift; path = ImageStore.swift; sourceTree = "<group>"; };
		9894A7421DDC4DC60044CBC0 /* Photo+CoreDataProperties.swift */ = {isa = PBXFileReference; fileEncoding = 4; lastKnownFileType = sourcecode.swift; path = "Photo+CoreDataProperties.swift"; sourceTree = "<group>"; };
		98BA23731DC9BFA000D0BD9C /* Photorama.app */ = {isa = PBXFileReference; explicitFileType = wrapper.application; includeInIndex = 0; path = Photorama.app; sourceTree = BUILT_PRODUCTS_DIR; };
		98BA23761DC9BFA000D0BD9C /* AppDelegate.swift */ = {isa = PBXFileReference; lastKnownFileType = sourcecode.swift; path = AppDelegate.swift; sourceTree = "<group>"; };
		98BA237B1DC9BFA000D0BD9C /* Base */ = {isa = PBXFileReference; lastKnownFileType = file.storyboard; name = Base; path = Base.lproj/Main.storyboard; sourceTree = "<group>"; };
		98BA237D1DC9BFA000D0BD9C /* Assets.xcassets */ = {isa = PBXFileReference; lastKnownFileType = folder.assetcatalog; path = Assets.xcassets; sourceTree = "<group>"; };
		98BA23801DC9BFA000D0BD9C /* Base */ = {isa = PBXFileReference; lastKnownFileType = file.storyboard; name = Base; path = Base.lproj/LaunchScreen.storyboard; sourceTree = "<group>"; };
		98BA23821DC9BFA000D0BD9C /* Info.plist */ = {isa = PBXFileReference; lastKnownFileType = text.plist.xml; path = Info.plist; sourceTree = "<group>"; };
		98BF39591DD1B9E50086B019 /* PhotoDataSource.swift */ = {isa = PBXFileReference; fileEncoding = 4; lastKnownFileType = sourcecode.swift; path = PhotoDataSource.swift; sourceTree = "<group>"; };
		98BF395D1DD1D9EB0086B019 /* PhotoCollectionViewCell.swift */ = {isa = PBXFileReference; fileEncoding = 4; lastKnownFileType = sourcecode.swift; path = PhotoCollectionViewCell.swift; sourceTree = "<group>"; };
		98BF395F1DD1E65D0086B019 /* PhotoInfoViewController.swift */ = {isa = PBXFileReference; fileEncoding = 4; lastKnownFileType = sourcecode.swift; path = PhotoInfoViewController.swift; sourceTree = "<group>"; };
		98CE27861DDC5B73000B5242 /* TagsViewController.swift */ = {isa = PBXFileReference; fileEncoding = 4; lastKnownFileType = sourcecode.swift; path = TagsViewController.swift; sourceTree = "<group>"; };
		98CE27881DDC5BF5000B5242 /* TagDataSource.swift */ = {isa = PBXFileReference; fileEncoding = 4; lastKnownFileType = sourcecode.swift; path = TagDataSource.swift; sourceTree = "<group>"; };
		98F9B3731DC9C53000E59AFB /* FlickrApi.swift */ = {isa = PBXFileReference; fileEncoding = 4; lastKnownFileType = sourcecode.swift; path = FlickrApi.swift; sourceTree = "<group>"; };
		98F9B3751DC9D1E600E59AFB /* PhotosViewController.swift */ = {isa = PBXFileReference; fileEncoding = 4; lastKnownFileType = sourcecode.swift; path = PhotosViewController.swift; sourceTree = "<group>"; };
		98F9B3771DC9D5AE00E59AFB /* PhotoStore.swift */ = {isa = PBXFileReference; fileEncoding = 4; lastKnownFileType = sourcecode.swift; path = PhotoStore.swift; sourceTree = "<group>"; };
/* End PBXFileReference section */

/* Begin PBXFrameworksBuildPhase section */
		98BA23701DC9BFA000D0BD9C /* Frameworks */ = {
			isa = PBXFrameworksBuildPhase;
			buildActionMask = 2147483647;
			files = (
			);
			runOnlyForDeploymentPostprocessing = 0;
		};
/* End PBXFrameworksBuildPhase section */

/* Begin PBXGroup section */
		98BA236A1DC9BFA000D0BD9C = {
			isa = PBXGroup;
			children = (
				98BA23751DC9BFA000D0BD9C /* Photorama */,
				98BA23741DC9BFA000D0BD9C /* Products */,
			);
			sourceTree = "<group>";
		};
		98BA23741DC9BFA000D0BD9C /* Products */ = {
			isa = PBXGroup;
			children = (
				98BA23731DC9BFA000D0BD9C /* Photorama.app */,
			);
			name = Products;
			sourceTree = "<group>";
		};
		98BA23751DC9BFA000D0BD9C /* Photorama */ = {
			isa = PBXGroup;
			children = (
				9886FEAA1DDB24CF00B0908C /* ImageStore.swift */,
				98BA23761DC9BFA000D0BD9C /* AppDelegate.swift */,
				98BA237A1DC9BFA000D0BD9C /* Main.storyboard */,
				98BA237D1DC9BFA000D0BD9C /* Assets.xcassets */,
				98BA237F1DC9BFA000D0BD9C /* LaunchScreen.storyboard */,
				98BA23821DC9BFA000D0BD9C /* Info.plist */,
				98F9B3731DC9C53000E59AFB /* FlickrApi.swift */,
				98F9B3751DC9D1E600E59AFB /* PhotosViewController.swift */,
				98F9B3771DC9D5AE00E59AFB /* PhotoStore.swift */,
				98BF39591DD1B9E50086B019 /* PhotoDataSource.swift */,
				98BF395D1DD1D9EB0086B019 /* PhotoCollectionViewCell.swift */,
				98BF395F1DD1E65D0086B019 /* PhotoInfoViewController.swift */,
				980CDFAD1DD33CF3005C2B3F /* Photorama.xcdatamodeld */,
				980CDFB11DD3412D005C2B3F /* Photo.swift */,
				9886FEA81DDAF96000B0908C /* CoreDataStack.swift */,
				9894A7421DDC4DC60044CBC0 /* Photo+CoreDataProperties.swift */,
				98CE27861DDC5B73000B5242 /* TagsViewController.swift */,
				98CE27881DDC5BF5000B5242 /* TagDataSource.swift */,
			);
			path = Photorama;
			sourceTree = "<group>";
		};
/* End PBXGroup section */

/* Begin PBXNativeTarget section */
		98BA23721DC9BFA000D0BD9C /* Photorama */ = {
			isa = PBXNativeTarget;
			buildConfigurationList = 98BA23851DC9BFA000D0BD9C /* Build configuration list for PBXNativeTarget "Photorama" */;
			buildPhases = (
				98BA236F1DC9BFA000D0BD9C /* Sources */,
				98BA23701DC9BFA000D0BD9C /* Frameworks */,
				98BA23711DC9BFA000D0BD9C /* Resources */,
			);
			buildRules = (
			);
			dependencies = (
			);
			name = Photorama;
			productName = Photorama;
			productReference = 98BA23731DC9BFA000D0BD9C /* Photorama.app */;
			productType = "com.apple.product-type.application";
		};
/* End PBXNativeTarget section */

/* Begin PBXProject section */
		98BA236B1DC9BFA000D0BD9C /* Project object */ = {
			isa = PBXProject;
			attributes = {
				LastSwiftUpdateCheck = 0730;
				LastUpgradeCheck = 0730;
				ORGANIZATIONNAME = marcondev;
				TargetAttributes = {
					98BA23721DC9BFA000D0BD9C = {
						CreatedOnToolsVersion = 7.3.1;
					};
				};
			};
			buildConfigurationList = 98BA236E1DC9BFA000D0BD9C /* Build configuration list for PBXProject "Photorama" */;
			compatibilityVersion = "Xcode 3.2";
			developmentRegion = English;
			hasScannedForEncodings = 0;
			knownRegions = (
				en,
				Base,
			);
			mainGroup = 98BA236A1DC9BFA000D0BD9C;
			productRefGroup = 98BA23741DC9BFA000D0BD9C /* Products */;
			projectDirPath = "";
			projectRoot = "";
			targets = (
				98BA23721DC9BFA000D0BD9C /* Photorama */,
			);
		};
/* End PBXProject section */

/* Begin PBXResourcesBuildPhase section */
		98BA23711DC9BFA000D0BD9C /* Resources */ = {
			isa = PBXResourcesBuildPhase;
			buildActionMask = 2147483647;
			files = (
				98BA23811DC9BFA000D0BD9C /* LaunchScreen.storyboard in Resources */,
				98BA237E1DC9BFA000D0BD9C /* Assets.xcassets in Resources */,
				98BA237C1DC9BFA000D0BD9C /* Main.storyboard in Resources */,
			);
			runOnlyForDeploymentPostprocessing = 0;
		};
/* End PBXResourcesBuildPhase section */

/* Begin PBXSourcesBuildPhase section */
		98BA236F1DC9BFA000D0BD9C /* Sources */ = {
			isa = PBXSourcesBuildPhase;
			buildActionMask = 2147483647;
			files = (
				98F9B3761DC9D1E600E59AFB /* PhotosViewController.swift in Sources */,
				98BA23771DC9BFA000D0BD9C /* AppDelegate.swift in Sources */,
				980CDFAF1DD33CF3005C2B3F /* Photorama.xcdatamodeld in Sources */,
				98F9B3781DC9D5AE00E59AFB /* PhotoStore.swift in Sources */,
				980CDFB31DD3412D005C2B3F /* Photo.swift in Sources */,
				98BF395A1DD1B9E50086B019 /* PhotoDataSource.swift in Sources */,
				98CE27871DDC5B73000B5242 /* TagsViewController.swift in Sources */,
				9894A7431DDC4DC60044CBC0 /* Photo+CoreDataProperties.swift in Sources */,
				9886FEA91DDAF96000B0908C /* CoreDataStack.swift in Sources */,
				98BF395E1DD1D9EB0086B019 /* PhotoCollectionViewCell.swift in Sources */,
				98BF39601DD1E65D0086B019 /* PhotoInfoViewController.swift in Sources */,
				98CE27891DDC5BF6000B5242 /* TagDataSource.swift in Sources */,
				98F9B3741DC9C53000E59AFB /* FlickrApi.swift in Sources */,
				9886FEAB1DDB24CF00B0908C /* ImageStore.swift in Sources */,
			);
			runOnlyForDeploymentPostprocessing = 0;
		};
/* End PBXSourcesBuildPhase section */

/* Begin PBXVariantGroup section */
		98BA237A1DC9BFA000D0BD9C /* Main.storyboard */ = {
			isa = PBXVariantGroup;
			children = (
				98BA237B1DC9BFA000D0BD9C /* Base */,
			);
			name = Main.storyboard;
			sourceTree = "<group>";
		};
		98BA237F1DC9BFA000D0BD9C /* LaunchScreen.storyboard */ = {
			isa = PBXVariantGroup;
			children = (
				98BA23801DC9BFA000D0BD9C /* Base */,
			);
			name = LaunchScreen.storyboard;
			sourceTree = "<group>";
		};
/* End PBXVariantGroup section */

/* Begin XCBuildConfiguration section */
		98BA23831DC9BFA000D0BD9C /* Debug */ = {
			isa = XCBuildConfiguration;
			buildSettings = {
				ALWAYS_SEARCH_USER_PATHS = NO;
				CLANG_ANALYZER_NONNULL = YES;
				CLANG_CXX_LANGUAGE_STANDARD = "gnu++0x";
				CLANG_CXX_LIBRARY = "libc++";
				CLANG_ENABLE_MODULES = YES;
				CLANG_ENABLE_OBJC_ARC = YES;
				CLANG_WARN_BOOL_CONVERSION = YES;
				CLANG_WARN_CONSTANT_CONVERSION = YES;
				CLANG_WARN_DIRECT_OBJC_ISA_USAGE = YES_ERROR;
				CLANG_WARN_EMPTY_BODY = YES;
				CLANG_WARN_ENUM_CONVERSION = YES;
				CLANG_WARN_INT_CONVERSION = YES;
				CLANG_WARN_OBJC_ROOT_CLASS = YES_ERROR;
				CLANG_WARN_UNREACHABLE_CODE = YES;
				CLANG_WARN__DUPLICATE_METHOD_MATCH = YES;
				"CODE_SIGN_IDENTITY[sdk=iphoneos*]" = "iPhone Developer";
				COPY_PHASE_STRIP = NO;
				DEBUG_INFORMATION_FORMAT = dwarf;
				ENABLE_STRICT_OBJC_MSGSEND = YES;
				ENABLE_TESTABILITY = YES;
				GCC_C_LANGUAGE_STANDARD = gnu99;
				GCC_DYNAMIC_NO_PIC = NO;
				GCC_NO_COMMON_BLOCKS = YES;
				GCC_OPTIMIZATION_LEVEL = 0;
				GCC_PREPROCESSOR_DEFINITIONS = (
					"DEBUG=1",
					"$(inherited)",
				);
				GCC_WARN_64_TO_32_BIT_CONVERSION = YES;
				GCC_WARN_ABOUT_RETURN_TYPE = YES_ERROR;
				GCC_WARN_UNDECLARED_SELECTOR = YES;
				GCC_WARN_UNINITIALIZED_AUTOS = YES_AGGRESSIVE;
				GCC_WARN_UNUSED_FUNCTION = YES;
				GCC_WARN_UNUSED_VARIABLE = YES;
				IPHONEOS_DEPLOYMENT_TARGET = 9.3;
				MTL_ENABLE_DEBUG_INFO = YES;
				ONLY_ACTIVE_ARCH = YES;
				SDKROOT = iphoneos;
				SWIFT_OPTIMIZATION_LEVEL = "-Onone";
				TARGETED_DEVICE_FAMILY = "1,2";
			};
			name = Debug;
		};
		98BA23841DC9BFA000D0BD9C /* Release */ = {
			isa = XCBuildConfiguration;
			buildSettings = {
				ALWAYS_SEARCH_USER_PATHS = NO;
				CLANG_ANALYZER_NONNULL = YES;
				CLANG_CXX_LANGUAGE_STANDARD = "gnu++0x";
				CLANG_CXX_LIBRARY = "libc++";
				CLANG_ENABLE_MODULES = YES;
				CLANG_ENABLE_OBJC_ARC = YES;
				CLANG_WARN_BOOL_CONVERSION = YES;
				CLANG_WARN_CONSTANT_CONVERSION = YES;
				CLANG_WARN_DIRECT_OBJC_ISA_USAGE = YES_ERROR;
				CLANG_WARN_EMPTY_BODY = YES;
				CLANG_WARN_ENUM_CONVERSION = YES;
				CLANG_WARN_INT_CONVERSION = YES;
				CLANG_WARN_OBJC_ROOT_CLASS = YES_ERROR;
				CLANG_WARN_UNREACHABLE_CODE = YES;
				CLANG_WARN__DUPLICATE_METHOD_MATCH = YES;
				"CODE_SIGN_IDENTITY[sdk=iphoneos*]" = "iPhone Developer";
				COPY_PHASE_STRIP = NO;
				DEBUG_INFORMATION_FORMAT = "dwarf-with-dsym";
				ENABLE_NS_ASSERTIONS = NO;
				ENABLE_STRICT_OBJC_MSGSEND = YES;
				GCC_C_LANGUAGE_STANDARD = gnu99;
				GCC_NO_COMMON_BLOCKS = YES;
				GCC_WARN_64_TO_32_BIT_CONVERSION = YES;
				GCC_WARN_ABOUT_RETURN_TYPE = YES_ERROR;
				GCC_WARN_UNDECLARED_SELECTOR = YES;
				GCC_WARN_UNINITIALIZED_AUTOS = YES_AGGRESSIVE;
				GCC_WARN_UNUSED_FUNCTION = YES;
				GCC_WARN_UNUSED_VARIABLE = YES;
				IPHONEOS_DEPLOYMENT_TARGET = 9.3;
				MTL_ENABLE_DEBUG_INFO = NO;
				SDKROOT = iphoneos;
				TARGETED_DEVICE_FAMILY = "1,2";
				VALIDATE_PRODUCT = YES;
			};
			name = Release;
		};
		98BA23861DC9BFA000D0BD9C /* Debug */ = {
			isa = XCBuildConfiguration;
			buildSettings = {
				ASSETCATALOG_COMPILER_APPICON_NAME = AppIcon;
				INFOPLIST_FILE = Photorama/Info.plist;
				LD_RUNPATH_SEARCH_PATHS = "$(inherited) @executable_path/Frameworks";
				PRODUCT_BUNDLE_IDENTIFIER = com.marcondev.Photorama;
				PRODUCT_NAME = "$(TARGET_NAME)";
			};
			name = Debug;
		};
		98BA23871DC9BFA000D0BD9C /* Release */ = {
			isa = XCBuildConfiguration;
			buildSettings = {
				ASSETCATALOG_COMPILER_APPICON_NAME = AppIcon;
				INFOPLIST_FILE = Photorama/Info.plist;
				LD_RUNPATH_SEARCH_PATHS = "$(inherited) @executable_path/Frameworks";
				PRODUCT_BUNDLE_IDENTIFIER = com.marcondev.Photorama;
				PRODUCT_NAME = "$(TARGET_NAME)";
			};
			name = Release;
		};
/* End XCBuildConfiguration section */

/* Begin XCConfigurationList section */
		98BA236E1DC9BFA000D0BD9C /* Build configuration list for PBXProject "Photorama" */ = {
			isa = XCConfigurationList;
			buildConfigurations = (
				98BA23831DC9BFA000D0BD9C /* Debug */,
				98BA23841DC9BFA000D0BD9C /* Release */,
			);
			defaultConfigurationIsVisible = 0;
			defaultConfigurationName = Release;
		};
		98BA23851DC9BFA000D0BD9C /* Build configuration list for PBXNativeTarget "Photorama" */ = {
			isa = XCConfigurationList;
			buildConfigurations = (
				98BA23861DC9BFA000D0BD9C /* Debug */,
				98BA23871DC9BFA000D0BD9C /* Release */,
			);
			defaultConfigurationIsVisible = 0;
			defaultConfigurationName = Release;
		};
/* End XCConfigurationList section */

/* Begin XCVersionGroup section */
		980CDFAD1DD33CF3005C2B3F /* Photorama.xcdatamodeld */ = {
			isa = XCVersionGroup;
			children = (
				980CDFAE1DD33CF3005C2B3F /* Photorama.xcdatamodel */,
			);
			currentVersion = 980CDFAE1DD33CF3005C2B3F /* Photorama.xcdatamodel */;
			path = Photorama.xcdatamodeld;
			sourceTree = "<group>";
			versionGroupType = wrapper.xcdatamodel;
		};
/* End XCVersionGroup section */
	};
	rootObject = 98BA236B1DC9BFA000D0BD9C /* Project object */;
}
